lockfileVersion: '9.0'

settings:
  autoInstallPeers: true
  excludeLinksFromLockfile: false

importers:

  .:
    devDependencies:
      turbo:
        specifier: 2.0.0-canary.0
        version: 2.0.0-canary.0

  libraries/library:
    dependencies:
      react:
        specifier: '>=17.0.2'
        version: 18.2.0
      react-dom:
        specifier: '>=17.0.2'
        version: 18.2.0(react@18.2.0)

  services/application/node:
    dependencies:
      library:
        specifier: workspace:^
        version: link:../../../libraries/library
      react:
        specifier: ^18.0.0
        version: 18.2.0
      react-dom:
        specifier: ^18.0.0
        version: 18.2.0(react@18.2.0)
    dependenciesMeta:
      library:
        injected: true

packages:

  js-tokens@4.0.0:
    resolution: {integrity: sha512-RdJUflcE3cUzKiMqQgsCu06FPu9UdIJO0beYbPhHN4k6apgJtifcoCtT9bcxOpYBtpD2kCM6Sbzg4CausW/PKQ==}

  loose-envify@1.4.0:
    resolution: {integrity: sha512-lyuxPGr/Wfhrlem2CL/UcnUc1zcqKAImBDzukY7Y5F/yQiNdko6+fRLevlw1HgMySw7f611UIY408EtxRSoK3Q==}
    hasBin: true

  react-dom@18.2.0:
    resolution: {integrity: sha512-6IMTriUmvsjHUjNtEDudZfuDQUoWXVxKHhlEGSk81n4YFS+r/Kl99wXiwlVXtPBtJenozv2P+hxDsw9eA7Xo6g==}
    peerDependencies:
      react: ^18.2.0

  react@18.2.0:
    resolution: {integrity: sha512-/3IjMdb2L9QbBdWiW5e3P2/npwMBaU9mHCSCUzNln0ZCYbcfTsGbTJrU/kGemdH2IWmB2ioZ+zkxtmq6g09fGQ==}
    engines: {node: '>=0.10.0'}

  scheduler@0.23.0:
    resolution: {integrity: sha512-CtuThmgHNg7zIZWAXi3AsyIzA3n4xx7aNyjwC2VJldO2LMVDhFK+63xGqq6CsJH4rTAt6/M+N4GhZiDYPx9eUw==}

  turbo-darwin-64@2.0.0-canary.0:
    resolution: {integrity: sha512-65oafBl67QW/laqC0YqhjijhZnHHrGfOnF5T4tjpMgWWuyH+/+yS8wyI20+VavLvAN6p3JD3uMTZaVCWgt43AQ==}
    cpu: [x64]
    os: [darwin]

  turbo-darwin-arm64@2.0.0-canary.0:
    resolution: {integrity: sha512-ExJWmnBKijOsfr5VbW8bECcfsuD1ubT7WYjYB8iNZ8IGS/IGy9Dh5tFmN14M/LsbDhDkvbVpF3kT5LpnxHMH0Q==}
    cpu: [arm64]
    os: [darwin]

  turbo-linux-64@2.0.0-canary.0:
    resolution: {integrity: sha512-VeAva7u6J3xZf21TEwgGpF93LbizkM4CYptI2Iod+uGLt1aXFZnTcOgLgv+sIt/E7s4hEvMX+/g9S7O8fFnuew==}
    cpu: [x64]
    os: [linux]

  turbo-linux-arm64@2.0.0-canary.0:
    resolution: {integrity: sha512-8AqgdOQYwacJlCyERXJYQP8nZhwt4UflAxLftanRh1Stq+ifpAjq5dA0OUqCM0DSlkTWigm8Wke5QFUd2MNOCQ==}
    cpu: [arm64]
    os: [linux]

  turbo-windows-64@2.0.0-canary.0:
    resolution: {integrity: sha512-AA3zHPwECMrWbxdlGQ4eVzmBumAqECMG4u1OAldJ3zl0Vr1xaOFCqMkPWXEA4ivhtquC/KL+1T/d5jtrE5PPQw==}
    cpu: [x64]
    os: [win32]

  turbo-windows-arm64@2.0.0-canary.0:
    resolution: {integrity: sha512-ruEhCRe6/pXM3L3U+ZCtRN+/chUcwSKM3qf51E6PHdYPEu8fm2hgvWQ4RMbO8/ccF43ufR1CXUEY+JDkR9/7qA==}
    cpu: [arm64]
    os: [win32]

  turbo@2.0.0-canary.0:
    resolution: {integrity: sha512-PiW8Qp5qiBVAhgs2LloGT5p4NvPZNp7CSQpQy8DOlyp68yZgUKmftmtD0vrMR++yJsdszciRck86e6xn9MCxlQ==}
    hasBin: true

onlyBuiltDependencies:
  - esbuild

snapshots:

  js-tokens@4.0.0: {}

  loose-envify@1.4.0:
    dependencies:
      js-tokens: 4.0.0

  react-dom@18.2.0(react@18.2.0):
    dependencies:
      loose-envify: 1.4.0
      react: 18.2.0
      scheduler: 0.23.0

  react@18.2.0:
    dependencies:
      loose-envify: 1.4.0

  scheduler@0.23.0:
    dependencies:
      loose-envify: 1.4.0

  turbo-darwin-64@2.0.0-canary.0:
    optional: true

  turbo-darwin-arm64@2.0.0-canary.0:
    optional: true

  turbo-linux-64@2.0.0-canary.0:
    optional: true

  turbo-linux-arm64@2.0.0-canary.0:
    optional: true

  turbo-windows-64@2.0.0-canary.0:
    optional: true

  turbo-windows-arm64@2.0.0-canary.0:
    optional: true

  turbo@2.0.0-canary.0:
    optionalDependencies:
      turbo-darwin-64: 2.0.0-canary.0
      turbo-darwin-arm64: 2.0.0-canary.0
      turbo-linux-64: 2.0.0-canary.0
      turbo-linux-arm64: 2.0.0-canary.0
      turbo-windows-64: 2.0.0-canary.0
      turbo-windows-arm64: 2.0.0-canary.0
