lockfileVersion: '9.0'

settings:
  autoInstallPeers: true
  excludeLinksFromLockfile: false

importers:

  .:
    devDependencies:
      turbo:
        specifier: ^1.13.3
        version: 1.13.3

  libraries/library:
    dependencies:
      react:
        specifier: '>=17.0.2'
        version: 18.2.0
      react-dom:
        specifier: '>=17.0.2'
        version: 18.2.0(react@18.2.0)

  services/application/node:
    dependencies:
      library:
        specifier: workspace:^
        version: link:../../../libraries/library
      react:
        specifier: ^18.0.0
        version: 18.2.0
      react-dom:
        specifier: ^18.0.0
        version: 18.2.0(react@18.2.0)
    dependenciesMeta:
      library:
        injected: true

packages:

  js-tokens@4.0.0:
    resolution: {integrity: sha512-RdJUflcE3cUzKiMqQgsCu06FPu9UdIJO0beYbPhHN4k6apgJtifcoCtT9bcxOpYBtpD2kCM6Sbzg4CausW/PKQ==}

  loose-envify@1.4.0:
    resolution: {integrity: sha512-lyuxPGr/Wfhrlem2CL/UcnUc1zcqKAImBDzukY7Y5F/yQiNdko6+fRLevlw1HgMySw7f611UIY408EtxRSoK3Q==}
    hasBin: true

  react-dom@18.2.0:
    resolution: {integrity: sha512-6IMTriUmvsjHUjNtEDudZfuDQUoWXVxKHhlEGSk81n4YFS+r/Kl99wXiwlVXtPBtJenozv2P+hxDsw9eA7Xo6g==}
    peerDependencies:
      react: ^18.2.0

  react@18.2.0:
    resolution: {integrity: sha512-/3IjMdb2L9QbBdWiW5e3P2/npwMBaU9mHCSCUzNln0ZCYbcfTsGbTJrU/kGemdH2IWmB2ioZ+zkxtmq6g09fGQ==}
    engines: {node: '>=0.10.0'}

  scheduler@0.23.0:
    resolution: {integrity: sha512-CtuThmgHNg7zIZWAXi3AsyIzA3n4xx7aNyjwC2VJldO2LMVDhFK+63xGqq6CsJH4rTAt6/M+N4GhZiDYPx9eUw==}

  turbo-darwin-64@1.13.3:
    resolution: {integrity: sha512-glup8Qx1qEFB5jerAnXbS8WrL92OKyMmg5Hnd4PleLljAeYmx+cmmnsmLT7tpaVZIN58EAAwu8wHC6kIIqhbWA==}
    cpu: [x64]
    os: [darwin]

  turbo-darwin-arm64@1.13.3:
    resolution: {integrity: sha512-/np2xD+f/+9qY8BVtuOQXRq5f9LehCFxamiQnwdqWm5iZmdjygC5T3uVSYuagVFsZKMvX3ycySwh8dylGTl6lg==}
    cpu: [arm64]
    os: [darwin]

  turbo-linux-64@1.13.3:
    resolution: {integrity: sha512-G+HGrau54iAnbXLfl+N/PynqpDwi/uDzb6iM9hXEDG+yJnSJxaHMShhOkXYJPk9offm9prH33Khx2scXrYVW1g==}
    cpu: [x64]
    os: [linux]

  turbo-linux-arm64@1.13.3:
    resolution: {integrity: sha512-qWwEl5VR02NqRyl68/3pwp3c/olZuSp+vwlwrunuoNTm6JXGLG5pTeme4zoHNnk0qn4cCX7DFrOboArlYxv0wQ==}
    cpu: [arm64]
    os: [linux]

  turbo-windows-64@1.13.3:
    resolution: {integrity: sha512-Nudr4bRChfJzBPzEmpVV85VwUYRCGKecwkBFpbp2a4NtrJ3+UP1VZES653ckqCu2FRyRuS0n03v9euMbAvzH+Q==}
    cpu: [x64]
    os: [win32]

  turbo-windows-arm64@1.13.3:
    resolution: {integrity: sha512-ouJCgsVLd3icjRLmRvHQDDZnmGzT64GBupM1Y+TjtYn2LVaEBoV6hicFy8x5DUpnqdLy+YpCzRMkWlwhmkX7sQ==}
    cpu: [arm64]
    os: [win32]

  turbo@1.13.3:
    resolution: {integrity: sha512-n17HJv4F4CpsYTvKzUJhLbyewbXjq1oLCi90i5tW1TiWDz16ML1eDG7wi5dHaKxzh5efIM56SITnuVbMq5dk4g==}
    hasBin: true

onlyBuiltDependencies:
  - esbuild

snapshots:

  js-tokens@4.0.0: {}

  loose-envify@1.4.0:
    dependencies:
      js-tokens: 4.0.0

  react-dom@18.2.0(react@18.2.0):
    dependencies:
      loose-envify: 1.4.0
      react: 18.2.0
      scheduler: 0.23.0

  react@18.2.0:
    dependencies:
      loose-envify: 1.4.0

  scheduler@0.23.0:
    dependencies:
      loose-envify: 1.4.0

  turbo-darwin-64@1.13.3:
    optional: true

  turbo-darwin-arm64@1.13.3:
    optional: true

  turbo-linux-64@1.13.3:
    optional: true

  turbo-linux-arm64@1.13.3:
    optional: true

  turbo-windows-64@1.13.3:
    optional: true

  turbo-windows-arm64@1.13.3:
    optional: true

  turbo@1.13.3:
    optionalDependencies:
      turbo-darwin-64: 1.13.3
      turbo-darwin-arm64: 1.13.3
      turbo-linux-64: 1.13.3
      turbo-linux-arm64: 1.13.3
      turbo-windows-64: 1.13.3
      turbo-windows-arm64: 1.13.3
